{
  "name": "@hmy-react/fortmatic-connector",
  "version": "6.1.7-alpha.0",
  "lockfileVersion": 1,
  "requires": true,
  "dependencies": {
    "@babel/runtime": {
      "version": "7.3.4",
      "resolved": "https://registry.npmjs.org/@babel/runtime/-/runtime-7.3.4.tgz",
      "integrity": "sha512-IvfvnMdSaLBateu0jfsYIpZTxAc2cKEXEMiezGGN75QcBcecDUKd3PgLAncT0oOgxKy8dd8hrJKj9MfzgfZd6g==",
      "requires": {
        "regenerator-runtime": "^0.12.0"
      }
    },
    "@hmy-react/abstract-connector": {
      "version": "6.1.7-alpha.0",
      "resolved": "https://registry.npmjs.org/@hmy-react/abstract-connector/-/abstract-connector-6.1.7-alpha.0.tgz",
      "integrity": "sha512-wD25UH8RnLWaSaiHEld9VHXvlSW9VuWu8L3rHkfGOzzD1rkT57cr0Lw7tbGd98aXi0KX9LxaZl7OF4W6/GfBaQ==",
      "requires": {
        "@hmy-react/types": "^6.1.7-alpha.0"
      }
    },
    "@hmy-react/types": {
      "version": "6.1.7-alpha.0",
      "resolved": "https://registry.npmjs.org/@hmy-react/types/-/types-6.1.7-alpha.0.tgz",
      "integrity": "sha512-eFA/PoJSQbIXQ7TqVgqtFtBTscTsbrqzs1rOC81fDLd81z/OuySiwfwUbQh4BktcQTpXnwduaeAcub6pnOqDwg=="
    },
    "fortmatic": {
      "version": "1.1.3",
      "resolved": "https://registry.npmjs.org/fortmatic/-/fortmatic-1.1.3.tgz",
      "integrity": "sha512-70gPiTuwfqEQNg4fFK5MVf3gRAW+mo2tHdiMSEt2OLKcoHWrAn63e/r245dPJAw4Qvz7PhkYF/bTx6ga50zWog==",
      "requires": {
        "@babel/runtime": "7.3.4"
      }
    },
    "regenerator-runtime": {
      "version": "0.12.1",
      "resolved": "https://registry.npmjs.org/regenerator-runtime/-/regenerator-runtime-0.12.1.tgz",
      "integrity": "sha512-odxIc1/vDlo4iZcfXqRYFj0vpXFNoGdKMAUieAlFYO6m/nl5e9KR/beGf41z4a1FI+aQgtjhuaSlDxQ0hmkrHg=="
    },
    "tiny-invariant": {
      "version": "1.1.0",
      "resolved": "https://registry.npmjs.org/tiny-invariant/-/tiny-invariant-1.1.0.tgz",
      "integrity": "sha512-ytxQvrb1cPc9WBEI/HSeYYoGD0kWnGEOR8RY6KomWLBVhqz0RgTwVO9dLrGz7dC+nN9llyI7OKAgRq8Vq4ZBSw=="
    }
  }
}
