# THIS IS AN AUTOGENERATED FILE. DO NOT EDIT THIS FILE DIRECTLY.
# yarn lockfile v1


"@babel/runtime@7.3.4":
  version "7.3.4"
  resolved "https://registry.yarnpkg.com/@babel/runtime/-/runtime-7.3.4.tgz#73d12ba819e365fcf7fd152aed56d6df97d21c83"
  integrity sha512-IvfvnMdSaLBateu0jfsYIpZTxAc2cKEXEMiezGGN75QcBcecDUKd3PgLAncT0oOgxKy8dd8hrJKj9MfzgfZd6g==
  dependencies:
    regenerator-runtime "^0.12.0"

"@hmy-react/abstract-connector@^6.1.7-alpha.0":
  version "6.1.7-alpha.0"
  resolved "https://registry.yarnpkg.com/@hmy-react/abstract-connector/-/abstract-connector-6.1.7-alpha.0.tgz#c870fffa6eb9314e076355f46abc10bdee46f7ee"
  integrity sha512-wD25UH8RnLWaSaiHEld9VHXvlSW9VuWu8L3rHkfGOzzD1rkT57cr0Lw7tbGd98aXi0KX9LxaZl7OF4W6/GfBaQ==
  dependencies:
    "@hmy-react/types" "^6.1.7-alpha.0"

"@hmy-react/types@^6.1.7-alpha.0":
  version "6.1.7-alpha.0"
  resolved "https://registry.yarnpkg.com/@hmy-react/types/-/types-6.1.7-alpha.0.tgz#ee1f0177a2313f7b49231218860999d2b5f254f4"
  integrity sha512-eFA/PoJSQbIXQ7TqVgqtFtBTscTsbrqzs1rOC81fDLd81z/OuySiwfwUbQh4BktcQTpXnwduaeAcub6pnOqDwg==

fortmatic@^1.0.0:
  version "1.1.3"
  resolved "https://registry.yarnpkg.com/fortmatic/-/fortmatic-1.1.3.tgz#eaeb8b65677aaa245a67ff5f1b8b7f79380a9b23"
  integrity sha512-70gPiTuwfqEQNg4fFK5MVf3gRAW+mo2tHdiMSEt2OLKcoHWrAn63e/r245dPJAw4Qvz7PhkYF/bTx6ga50zWog==
  dependencies:
    "@babel/runtime" "7.3.4"

regenerator-runtime@^0.12.0:
  version "0.12.1"
  resolved "https://registry.yarnpkg.com/regenerator-runtime/-/regenerator-runtime-0.12.1.tgz#fa1a71544764c036f8c49b13a08b2594c9f8a0de"
  integrity sha512-odxIc1/vDlo4iZcfXqRYFj0vpXFNoGdKMAUieAlFYO6m/nl5e9KR/beGf41z4a1FI+aQgtjhuaSlDxQ0hmkrHg==

tiny-invariant@^1.0.6:
  version "1.1.0"
  resolved "https://registry.yarnpkg.com/tiny-invariant/-/tiny-invariant-1.1.0.tgz#634c5f8efdc27714b7f386c35e6760991d230875"
  integrity sha512-ytxQvrb1cPc9WBEI/HSeYYoGD0kWnGEOR8RY6KomWLBVhqz0RgTwVO9dLrGz7dC+nN9llyI7OKAgRq8Vq4ZBSw==
