{
  "name": "@hmy-react/abstract-connector",
  "version": "6.2.0-alpha.0",
  "lockfileVersion": 1,
  "requires": true,
  "dependencies": {
    "@hmy-react/types": {
      "version": "6.1.7-alpha.0",
      "resolved": "https://registry.npmjs.org/@hmy-react/types/-/types-6.1.7-alpha.0.tgz",
      "integrity": "sha512-eFA/PoJSQbIXQ7TqVgqtFtBTscTsbrqzs1rOC81fDLd81z/OuySiwfwUbQh4BktcQTpXnwduaeAcub6pnOqDwg=="
    }
  }
}
