# THIS IS AN AUTOGENERATED FILE. DO NOT EDIT THIS FILE DIRECTLY.
# yarn lockfile v1


"@hmy-react/types@^6.1.7-alpha.0":
  version "6.1.7-alpha.0"
  resolved "https://registry.yarnpkg.com/@hmy-react/types/-/types-6.1.7-alpha.0.tgz#ee1f0177a2313f7b49231218860999d2b5f254f4"
  integrity sha512-eFA/PoJSQbIXQ7TqVgqtFtBTscTsbrqzs1rOC81fDLd81z/OuySiwfwUbQh4BktcQTpXnwduaeAcub6pnOqDwg==
