{
  "name": "@hmy-react/network-connector",
  "version": "6.1.7-alpha.0",
  "lockfileVersion": 1,
  "requires": true,
  "dependencies": {
    "@hmy-react/abstract-connector": {
      "version": "6.1.7-alpha.0",
      "resolved": "https://registry.npmjs.org/@hmy-react/abstract-connector/-/abstract-connector-6.1.7-alpha.0.tgz",
      "integrity": "sha512-wD25UH8RnLWaSaiHEld9VHXvlSW9VuWu8L3rHkfGOzzD1rkT57cr0Lw7tbGd98aXi0KX9LxaZl7OF4W6/GfBaQ==",
      "requires": {
        "@hmy-react/types": "^6.1.7-alpha.0"
      }
    },
    "@hmy-react/types": {
      "version": "6.1.7-alpha.0",
      "resolved": "https://registry.npmjs.org/@hmy-react/types/-/types-6.1.7-alpha.0.tgz",
      "integrity": "sha512-eFA/PoJSQbIXQ7TqVgqtFtBTscTsbrqzs1rOC81fDLd81z/OuySiwfwUbQh4BktcQTpXnwduaeAcub6pnOqDwg=="
    },
    "tiny-invariant": {
      "version": "1.1.0",
      "resolved": "https://registry.npmjs.org/tiny-invariant/-/tiny-invariant-1.1.0.tgz",
      "integrity": "sha512-ytxQvrb1cPc9WBEI/HSeYYoGD0kWnGEOR8RY6KomWLBVhqz0RgTwVO9dLrGz7dC+nN9llyI7OKAgRq8Vq4ZBSw=="
    }
  }
}
