{
  "name": "@hmy-react/core",
  "version": "6.1.7-alpha.0",
  "lockfileVersion": 1,
  "requires": true,
  "dependencies": {
    "@ethersproject/bytes": {
      "version": "5.0.4",
      "resolved": "https://registry.npmjs.org/@ethersproject/bytes/-/bytes-5.0.4.tgz",
      "integrity": "sha512-9R6A6l9JN8x1U4s1dJCR+9h3MZTT3xQofr/Xx8wbDvj6NnY4CbBB0o8ZgHXvR74yV90pY2EzCekpkMBJnRzkSw==",
      "requires": {
        "@ethersproject/logger": "^5.0.5"
      }
    },
    "@ethersproject/keccak256": {
      "version": "5.0.3",
      "resolved": "https://registry.npmjs.org/@ethersproject/keccak256/-/keccak256-5.0.3.tgz",
      "integrity": "sha512-VhW3mgZMBZlETV6AyOmjNeNG+Pg68igiKkPpat8/FZl0CKnfgQ+KZQZ/ee1vT+X0IUM8/djqnei6btmtbA27Ug==",
      "requires": {
        "@ethersproject/bytes": "^5.0.4",
        "js-sha3": "0.5.7"
      }
    },
    "@ethersproject/logger": {
      "version": "5.0.5",
      "resolved": "https://registry.npmjs.org/@ethersproject/logger/-/logger-5.0.5.tgz",
      "integrity": "sha512-gJj72WGzQhUtCk6kfvI8elTaPOQyMvrMghp/nbz0ivTo39fZ7IjypFh/ySDeUSdBNplAwhzWKKejQhdpyefg/w=="
    },
    "@hmy-react/abstract-connector": {
      "version": "6.1.7-alpha.0",
      "resolved": "https://registry.npmjs.org/@hmy-react/abstract-connector/-/abstract-connector-6.1.7-alpha.0.tgz",
      "integrity": "sha512-wD25UH8RnLWaSaiHEld9VHXvlSW9VuWu8L3rHkfGOzzD1rkT57cr0Lw7tbGd98aXi0KX9LxaZl7OF4W6/GfBaQ==",
      "requires": {
        "@hmy-react/types": "^6.1.7-alpha.0"
      }
    },
    "@hmy-react/types": {
      "version": "6.1.7-alpha.0",
      "resolved": "https://registry.npmjs.org/@hmy-react/types/-/types-6.1.7-alpha.0.tgz",
      "integrity": "sha512-eFA/PoJSQbIXQ7TqVgqtFtBTscTsbrqzs1rOC81fDLd81z/OuySiwfwUbQh4BktcQTpXnwduaeAcub6pnOqDwg=="
    },
    "js-sha3": {
      "version": "0.5.7",
      "resolved": "https://registry.npmjs.org/js-sha3/-/js-sha3-0.5.7.tgz",
      "integrity": "sha1-DU/9gALVMzqrr0oj7tL2N0yfKOc="
    },
    "tiny-invariant": {
      "version": "1.1.0",
      "resolved": "https://registry.npmjs.org/tiny-invariant/-/tiny-invariant-1.1.0.tgz",
      "integrity": "sha512-ytxQvrb1cPc9WBEI/HSeYYoGD0kWnGEOR8RY6KomWLBVhqz0RgTwVO9dLrGz7dC+nN9llyI7OKAgRq8Vq4ZBSw=="
    },
    "tiny-warning": {
      "version": "1.0.3",
      "resolved": "https://registry.npmjs.org/tiny-warning/-/tiny-warning-1.0.3.tgz",
      "integrity": "sha512-lBN9zLN/oAf68o3zNXYrdCt1kP8WsiGW8Oo2ka41b2IM5JL/S1CTyX1rW0mb/zSuJun0ZUrDxx4sqvYS2FWzPA=="
    }
  }
}
